Microsoft Visual Studio Solution File, Format Version 11.00
# Visual Studio 2008

Project("{D0AF34AF-BCD3-4DBD-CED9-3A1862ED6293}") = "TowerDefenseTest", "Assembly-CSharp-vs.csproj", "{06546312-38DD-B5C0-EA2D-06C04C755348}"
EndProject
Project("{D0AF34AF-BCD3-4DBD-CED9-3A1862ED6293}") = "TowerDefenseTest", "Assembly-CSharp-Editor-vs.csproj", "{319AB33F-282C-BC1C-0E3A-93D02C4C9F74}"
EndProject
Global
	GlobalSection(SolutionConfigurationPlatforms) = preSolution
		Debug|Any CPU = Debug|Any CPU
		Release|Any CPU = Release|Any CPU
	EndGlobalSection
	GlobalSection(ProjectConfigurationPlatforms) = postSolution
		{06546312-38DD-B5C0-EA2D-06C04C755348}.Debug|Any CPU.ActiveCfg = Debug|Any CPU
		{06546312-38DD-B5C0-EA2D-06C04C755348}.Debug|Any CPU.Build.0 = Debug|Any CPU
		{06546312-38DD-B5C0-EA2D-06C04C755348}.Release|Any CPU.ActiveCfg = Release|Any CPU
		{06546312-38DD-B5C0-EA2D-06C04C755348}.Release|Any CPU.Build.0 = Release|Any CPU
		{319AB33F-282C-BC1C-0E3A-93D02C4C9F74}.Debug|Any CPU.ActiveCfg = Debug|Any CPU
		{319AB33F-282C-BC1C-0E3A-93D02C4C9F74}.Debug|Any CPU.Build.0 = Debug|Any CPU
		{319AB33F-282C-BC1C-0E3A-93D02C4C9F74}.Release|Any CPU.ActiveCfg = Release|Any CPU
		{319AB33F-282C-BC1C-0E3A-93D02C4C9F74}.Release|Any CPU.Build.0 = Release|Any CPU
	EndGlobalSection
	GlobalSection(SolutionProperties) = preSolution
		HideSolutionNode = FALSE
	EndGlobalSection
																				GlobalSection(MonoDevelopProperties) = preSolution
		StartupItem = Assembly-CSharp.csproj
		Policies = $0
		$0.TextStylePolicy = $1
		$1.inheritsSet = null
		$1.scope = text/x-csharp
		$0.CSharpFormattingPolicy = $2
		$2.inheritsSet = Mono
		$2.inheritsScope = text/x-csharp
		$2.scope = text/x-csharp
		$0.TextStylePolicy = $3
		$3.FileWidth = 120
		$3.TabWidth = 4
		$3.EolMarker = Unix
		$3.inheritsSet = Mono
		$3.inheritsScope = text/plain
		$3.scope = text/plain
	EndGlobalSection

EndGlobal
